
Microsoft Visual Studio Solution File, Format Version 12.00
# Visual Studio Version 17
VisualStudioVersion = 17.6.33723.286
MinimumVisualStudioVersion = 10.0.40219.1
Project("{FAE04EC0-301F-11D3-BF4B-00C04F79EFBC}") = "TestSMTP", "TestSMTP\TestSMTP.csproj", "{6B7E7940-971A-4946-B839-1FDE359D0857}"
EndProject
Global
	GlobalSection(SolutionConfigurationPlatforms) = preSolution
		Debug|Any CPU = Debug|Any CPU
		Release|Any CPU = Release|Any CPU
	EndGlobalSection
	GlobalSection(ProjectConfigurationPlatforms) = postSolution
		{6B7E7940-971A-4946-B839-1FDE359D0857}.Debug|Any CPU.ActiveCfg = Debug|Any CPU
		{6B7E7940-971A-4946-B839-1FDE359D0857}.Debug|Any CPU.Build.0 = Debug|Any CPU
		{6B7E7940-971A-4946-B839-1FDE359D0857}.Release|Any CPU.ActiveCfg = Release|Any CPU
		{6B7E7940-971A-4946-B839-1FDE359D0857}.Release|Any CPU.Build.0 = Release|Any CPU
	EndGlobalSection
	GlobalSection(SolutionProperties) = preSolution
		HideSolutionNode = FALSE
	EndGlobalSection
	GlobalSection(ExtensibilityGlobals) = postSolution
		SolutionGuid = {B590D014-4ADA-4AFA-9C98-9DB797FEA289}
	EndGlobalSection
EndGlobal
